
Microsoft Visual Studio Solution File, Format Version 12.00
# Visual Studio Version 17
VisualStudioVersion = 17.3.32901.215
MinimumVisualStudioVersion = 10.0.40219.1
Project("{9A19103F-16F7-4668-BE54-9A1E7A4F7556}") = "GarnetControls", "GarnetControls\GarnetControls.csproj", "{D4D2A713-DC09-4787-B009-A3819537116A}"
EndProject
Global
	GlobalSection(SolutionConfigurationPlatforms) = preSolution
		Debug|Any CPU = Debug|Any CPU
		Release|Any CPU = Release|Any CPU
	EndGlobalSection
	GlobalSection(ProjectConfigurationPlatforms) = postSolution
		{D4D2A713-DC09-4787-B009-A3819537116A}.Debug|Any CPU.ActiveCfg = Debug|Any CPU
		{D4D2A713-DC09-4787-B009-A3819537116A}.Debug|Any CPU.Build.0 = Debug|Any CPU
		{D4D2A713-DC09-4787-B009-A3819537116A}.Release|Any CPU.ActiveCfg = Release|Any CPU
		{D4D2A713-DC09-4787-B009-A3819537116A}.Release|Any CPU.Build.0 = Release|Any CPU
	EndGlobalSection
	GlobalSection(SolutionProperties) = preSolution
		HideSolutionNode = FALSE
	EndGlobalSection
	GlobalSection(ExtensibilityGlobals) = postSolution
		SolutionGuid = {B66F5754-FBF5-42CE-9C3B-805354CEF946}
	EndGlobalSection
EndGlobal
